
Microsoft Visual Studio Solution File, Format Version 12.00
# Visual Studio Version 17
VisualStudioVersion = 17.0.31611.283
MinimumVisualStudioVersion = 10.0.40219.1
Project("{9A19103F-16F7-4668-BE54-9A1E7A4F7556}") = "FreeVideo", "FreeVideo\FreeVideo.csproj", "{21C33E07-6A90-4B7F-BE28-1A53EE266CEB}"
EndProject
Project("{FAE04EC0-301F-11D3-BF4B-00C04F79EFBC}") = "Video", "Video\Video.csproj", "{74C88FA4-A3A2-42D1-AD40-08710BAEA9AB}"
EndProject
Global
	GlobalSection(SolutionConfigurationPlatforms) = preSolution
		Debug|Any CPU = Debug|Any CPU
		Release|Any CPU = Release|Any CPU
	EndGlobalSection
	GlobalSection(ProjectConfigurationPlatforms) = postSolution
		{21C33E07-6A90-4B7F-BE28-1A53EE266CEB}.Debug|Any CPU.ActiveCfg = Debug|Any CPU
		{21C33E07-6A90-4B7F-BE28-1A53EE266CEB}.Debug|Any CPU.Build.0 = Debug|Any CPU
		{21C33E07-6A90-4B7F-BE28-1A53EE266CEB}.Debug|Any CPU.Deploy.0 = Debug|Any CPU
		{21C33E07-6A90-4B7F-BE28-1A53EE266CEB}.Release|Any CPU.ActiveCfg = Release|Any CPU
		{21C33E07-6A90-4B7F-BE28-1A53EE266CEB}.Release|Any CPU.Build.0 = Release|Any CPU
		{21C33E07-6A90-4B7F-BE28-1A53EE266CEB}.Release|Any CPU.Deploy.0 = Release|Any CPU
		{74C88FA4-A3A2-42D1-AD40-08710BAEA9AB}.Debug|Any CPU.ActiveCfg = Debug|Any CPU
		{74C88FA4-A3A2-42D1-AD40-08710BAEA9AB}.Debug|Any CPU.Build.0 = Debug|Any CPU
		{74C88FA4-A3A2-42D1-AD40-08710BAEA9AB}.Release|Any CPU.ActiveCfg = Release|Any CPU
		{74C88FA4-A3A2-42D1-AD40-08710BAEA9AB}.Release|Any CPU.Build.0 = Release|Any CPU
	EndGlobalSection
	GlobalSection(SolutionProperties) = preSolution
		HideSolutionNode = FALSE
	EndGlobalSection
	GlobalSection(ExtensibilityGlobals) = postSolution
		SolutionGuid = {61F7FB11-1E47-470C-91E2-47F8143E1572}
	EndGlobalSection
EndGlobal
